
Microsoft Visual Studio Solution File, Format Version 12.00
# Visual Studio Version 17
VisualStudioVersion = 17.9.34723.18
MinimumVisualStudioVersion = 10.0.40219.1
Project("{2150E333-8FDC-42A3-9474-1A3956D46DE8}") = "Test", "Test", "{F51565DE-DE51-4A78-A0CD-31E16CED7065}"
EndProject
Project("{2150E333-8FDC-42A3-9474-1A3956D46DE8}") = "Services", "Services", "{8ABA6F18-BAE0-4ABC-8C15-DBB64F92B209}"
EndProject
Project("{E53339B2-1760-4266-BCC7-CA923CBCF16C}") = "docker-compose", "docker-compose.dcproj", "{B866CF5A-770E-419F-92C9-43842A005D81}"
EndProject
Project("{FAE04EC0-301F-11D3-BF4B-00C04F79EFBC}") = "AmourLink.Gateway", "Services\AmourLink.Gateway\AmourLink.Gateway.csproj", "{49F34171-F5DF-4F0E-A1CF-10AF60A6DCD9}"
EndProject
Project("{FAE04EC0-301F-11D3-BF4B-00C04F79EFBC}") = "AmourLink.Recommendation", "Services\AmourLink.Recommendation\AmourLink.Recommendation.csproj", "{D63F004E-2C04-4E0C-85B6-BE81B5707F20}"
EndProject
Project("{FAE04EC0-301F-11D3-BF4B-00C04F79EFBC}") = "Somework to do", "Test\Somework to do\Somework to do.csproj", "{8AA58633-50E6-460A-AFD4-D47A8224E72F}"
EndProject
Project("{FAE04EC0-301F-11D3-BF4B-00C04F79EFBC}") = "TestService", "Test\TestService\TestService.csproj", "{97B1C03E-A75C-41E2-9230-89C744BF07D9}"
EndProject
Project("{2150E333-8FDC-42A3-9474-1A3956D46DE8}") = "Infrastructure", "Infrastructure", "{D19E8D64-A536-4EDB-9EFB-8C6E997CA8DB}"
EndProject
Project("{FAE04EC0-301F-11D3-BF4B-00C04F79EFBC}") = "AmourLink.Infrastructure", "Infrastructure\AmourLink.Infrastructure\AmourLink.Infrastructure.csproj", "{71F9DBE0-63F6-4C29-90F0-E5788FDF5434}"
EndProject
Project("{FAE04EC0-301F-11D3-BF4B-00C04F79EFBC}") = "TestService2", "Test\TestService2\TestService2.csproj", "{8627DDBE-4635-4F8F-9546-6BED77E955D9}"
EndProject
Global
	GlobalSection(SolutionConfigurationPlatforms) = preSolution
		Debug|Any CPU = Debug|Any CPU
		Release|Any CPU = Release|Any CPU
	EndGlobalSection
	GlobalSection(ProjectConfigurationPlatforms) = postSolution
		{B866CF5A-770E-419F-92C9-43842A005D81}.Debug|Any CPU.ActiveCfg = Debug|Any CPU
		{B866CF5A-770E-419F-92C9-43842A005D81}.Debug|Any CPU.Build.0 = Debug|Any CPU
		{B866CF5A-770E-419F-92C9-43842A005D81}.Release|Any CPU.ActiveCfg = Release|Any CPU
		{B866CF5A-770E-419F-92C9-43842A005D81}.Release|Any CPU.Build.0 = Release|Any CPU
		{49F34171-F5DF-4F0E-A1CF-10AF60A6DCD9}.Debug|Any CPU.ActiveCfg = Debug|Any CPU
		{49F34171-F5DF-4F0E-A1CF-10AF60A6DCD9}.Debug|Any CPU.Build.0 = Debug|Any CPU
		{49F34171-F5DF-4F0E-A1CF-10AF60A6DCD9}.Release|Any CPU.ActiveCfg = Release|Any CPU
		{49F34171-F5DF-4F0E-A1CF-10AF60A6DCD9}.Release|Any CPU.Build.0 = Release|Any CPU
		{D63F004E-2C04-4E0C-85B6-BE81B5707F20}.Debug|Any CPU.ActiveCfg = Debug|Any CPU
		{D63F004E-2C04-4E0C-85B6-BE81B5707F20}.Debug|Any CPU.Build.0 = Debug|Any CPU
		{D63F004E-2C04-4E0C-85B6-BE81B5707F20}.Release|Any CPU.ActiveCfg = Release|Any CPU
		{D63F004E-2C04-4E0C-85B6-BE81B5707F20}.Release|Any CPU.Build.0 = Release|Any CPU
		{8AA58633-50E6-460A-AFD4-D47A8224E72F}.Debug|Any CPU.ActiveCfg = Debug|Any CPU
		{8AA58633-50E6-460A-AFD4-D47A8224E72F}.Debug|Any CPU.Build.0 = Debug|Any CPU
		{8AA58633-50E6-460A-AFD4-D47A8224E72F}.Release|Any CPU.ActiveCfg = Release|Any CPU
		{8AA58633-50E6-460A-AFD4-D47A8224E72F}.Release|Any CPU.Build.0 = Release|Any CPU
		{97B1C03E-A75C-41E2-9230-89C744BF07D9}.Debug|Any CPU.ActiveCfg = Debug|Any CPU
		{97B1C03E-A75C-41E2-9230-89C744BF07D9}.Debug|Any CPU.Build.0 = Debug|Any CPU
		{97B1C03E-A75C-41E2-9230-89C744BF07D9}.Release|Any CPU.ActiveCfg = Release|Any CPU
		{97B1C03E-A75C-41E2-9230-89C744BF07D9}.Release|Any CPU.Build.0 = Release|Any CPU
		{71F9DBE0-63F6-4C29-90F0-E5788FDF5434}.Debug|Any CPU.ActiveCfg = Debug|Any CPU
		{71F9DBE0-63F6-4C29-90F0-E5788FDF5434}.Debug|Any CPU.Build.0 = Debug|Any CPU
		{71F9DBE0-63F6-4C29-90F0-E5788FDF5434}.Release|Any CPU.ActiveCfg = Release|Any CPU
		{71F9DBE0-63F6-4C29-90F0-E5788FDF5434}.Release|Any CPU.Build.0 = Release|Any CPU
		{8627DDBE-4635-4F8F-9546-6BED77E955D9}.Debug|Any CPU.ActiveCfg = Debug|Any CPU
		{8627DDBE-4635-4F8F-9546-6BED77E955D9}.Debug|Any CPU.Build.0 = Debug|Any CPU
		{8627DDBE-4635-4F8F-9546-6BED77E955D9}.Release|Any CPU.ActiveCfg = Release|Any CPU
		{8627DDBE-4635-4F8F-9546-6BED77E955D9}.Release|Any CPU.Build.0 = Release|Any CPU
	EndGlobalSection
	GlobalSection(SolutionProperties) = preSolution
		HideSolutionNode = FALSE
	EndGlobalSection
	GlobalSection(NestedProjects) = preSolution
		{49F34171-F5DF-4F0E-A1CF-10AF60A6DCD9} = {8ABA6F18-BAE0-4ABC-8C15-DBB64F92B209}
		{D63F004E-2C04-4E0C-85B6-BE81B5707F20} = {8ABA6F18-BAE0-4ABC-8C15-DBB64F92B209}
		{8AA58633-50E6-460A-AFD4-D47A8224E72F} = {F51565DE-DE51-4A78-A0CD-31E16CED7065}
		{97B1C03E-A75C-41E2-9230-89C744BF07D9} = {F51565DE-DE51-4A78-A0CD-31E16CED7065}
		{71F9DBE0-63F6-4C29-90F0-E5788FDF5434} = {D19E8D64-A536-4EDB-9EFB-8C6E997CA8DB}
		{8627DDBE-4635-4F8F-9546-6BED77E955D9} = {F51565DE-DE51-4A78-A0CD-31E16CED7065}
	EndGlobalSection
EndGlobal
