
Microsoft Visual Studio Solution File, Format Version 12.00
Project("{FAE04EC0-301F-11D3-BF4B-00C04F79EFBC}") = "AmourLink.Gateway", "AmourLink.Gateway\AmourLink.Gateway.csproj", "{F7DBF823-0B09-4C2C-BDB0-B63207FB9D0D}"
EndProject
Project("{FAE04EC0-301F-11D3-BF4B-00C04F79EFBC}") = "TestService", "TestService\TestService.csproj", "{AAE19AA5-8855-4816-A328-FBC5E1F0E6BF}"
EndProject
Project("{2150E333-8FDC-42A3-9474-1A3956D46DE8}") = "API", "API", "{912FEEB8-09F7-4247-90C6-1EF24EC8155A}"
EndProject
Project("{FAE04EC0-301F-11D3-BF4B-00C04F79EFBC}") = "AmourLink.Recommendation", "AmourLink.Recommendation\AmourLink.Recommendation.csproj", "{FE797D08-7AC1-4127-B8BC-C0CD9E83B2EE}"
EndProject
Project("{FAE04EC0-301F-11D3-BF4B-00C04F79EFBC}") = "Somework to do", "Somework to do\Somework to do.csproj", "{EA765458-D84B-450F-AFE7-28ADF8FF9CC3}"
EndProject
Project("{2150E333-8FDC-42A3-9474-1A3956D46DE8}") = "Test", "Test", "{F51565DE-DE51-4A78-A0CD-31E16CED7065}"
EndProject
Global
	GlobalSection(SolutionConfigurationPlatforms) = preSolution
		Debug|Any CPU = Debug|Any CPU
		Release|Any CPU = Release|Any CPU
	EndGlobalSection
	GlobalSection(ProjectConfigurationPlatforms) = postSolution
		{F7DBF823-0B09-4C2C-BDB0-B63207FB9D0D}.Debug|Any CPU.ActiveCfg = Debug|Any CPU
		{F7DBF823-0B09-4C2C-BDB0-B63207FB9D0D}.Debug|Any CPU.Build.0 = Debug|Any CPU
		{F7DBF823-0B09-4C2C-BDB0-B63207FB9D0D}.Release|Any CPU.ActiveCfg = Release|Any CPU
		{F7DBF823-0B09-4C2C-BDB0-B63207FB9D0D}.Release|Any CPU.Build.0 = Release|Any CPU
		{AAE19AA5-8855-4816-A328-FBC5E1F0E6BF}.Debug|Any CPU.ActiveCfg = Debug|Any CPU
		{AAE19AA5-8855-4816-A328-FBC5E1F0E6BF}.Debug|Any CPU.Build.0 = Debug|Any CPU
		{AAE19AA5-8855-4816-A328-FBC5E1F0E6BF}.Release|Any CPU.ActiveCfg = Release|Any CPU
		{AAE19AA5-8855-4816-A328-FBC5E1F0E6BF}.Release|Any CPU.Build.0 = Release|Any CPU
		{FE797D08-7AC1-4127-B8BC-C0CD9E83B2EE}.Debug|Any CPU.ActiveCfg = Debug|Any CPU
		{FE797D08-7AC1-4127-B8BC-C0CD9E83B2EE}.Debug|Any CPU.Build.0 = Debug|Any CPU
		{FE797D08-7AC1-4127-B8BC-C0CD9E83B2EE}.Release|Any CPU.ActiveCfg = Release|Any CPU
		{FE797D08-7AC1-4127-B8BC-C0CD9E83B2EE}.Release|Any CPU.Build.0 = Release|Any CPU
		{EA765458-D84B-450F-AFE7-28ADF8FF9CC3}.Debug|Any CPU.ActiveCfg = Debug|Any CPU
		{EA765458-D84B-450F-AFE7-28ADF8FF9CC3}.Debug|Any CPU.Build.0 = Debug|Any CPU
		{EA765458-D84B-450F-AFE7-28ADF8FF9CC3}.Release|Any CPU.ActiveCfg = Release|Any CPU
		{EA765458-D84B-450F-AFE7-28ADF8FF9CC3}.Release|Any CPU.Build.0 = Release|Any CPU
	EndGlobalSection
	GlobalSection(NestedProjects) = preSolution
		{FE797D08-7AC1-4127-B8BC-C0CD9E83B2EE} = {912FEEB8-09F7-4247-90C6-1EF24EC8155A}
		{EA765458-D84B-450F-AFE7-28ADF8FF9CC3} = {F51565DE-DE51-4A78-A0CD-31E16CED7065}
		{AAE19AA5-8855-4816-A328-FBC5E1F0E6BF} = {F51565DE-DE51-4A78-A0CD-31E16CED7065}
	EndGlobalSection
EndGlobal
